
Microsoft Visual Studio Solution File, Format Version 12.00
# Visual Studio Version 16
VisualStudioVersion = 16.0.30621.155
MinimumVisualStudioVersion = 10.0.40219.1
Project("{FAE04EC0-301F-11D3-BF4B-00C04F79EFBC}") = "DevTeamApp_Console", "DevTeamApp_Console\DevTeamApp_Console.csproj", "{2D264B72-6609-45DF-8C11-0FE7D80D4042}"
EndProject
Project("{FAE04EC0-301F-11D3-BF4B-00C04F79EFBC}") = "DevTeam_ClassLibrary", "DevTeam_ClassLibrary\DevTeam_ClassLibrary.csproj", "{07486B37-B797-4C60-B1F5-D18EB972666F}"
EndProject
Global
	GlobalSection(SolutionConfigurationPlatforms) = preSolution
		Debug|Any CPU = Debug|Any CPU
		Release|Any CPU = Release|Any CPU
	EndGlobalSection
	GlobalSection(ProjectConfigurationPlatforms) = postSolution
		{2D264B72-6609-45DF-8C11-0FE7D80D4042}.Debug|Any CPU.ActiveCfg = Debug|Any CPU
		{2D264B72-6609-45DF-8C11-0FE7D80D4042}.Debug|Any CPU.Build.0 = Debug|Any CPU
		{2D264B72-6609-45DF-8C11-0FE7D80D4042}.Release|Any CPU.ActiveCfg = Release|Any CPU
		{2D264B72-6609-45DF-8C11-0FE7D80D4042}.Release|Any CPU.Build.0 = Release|Any CPU
		{07486B37-B797-4C60-B1F5-D18EB972666F}.Debug|Any CPU.ActiveCfg = Debug|Any CPU
		{07486B37-B797-4C60-B1F5-D18EB972666F}.Debug|Any CPU.Build.0 = Debug|Any CPU
		{07486B37-B797-4C60-B1F5-D18EB972666F}.Release|Any CPU.ActiveCfg = Release|Any CPU
		{07486B37-B797-4C60-B1F5-D18EB972666F}.Release|Any CPU.Build.0 = Release|Any CPU
	EndGlobalSection
	GlobalSection(SolutionProperties) = preSolution
		HideSolutionNode = FALSE
	EndGlobalSection
	GlobalSection(ExtensibilityGlobals) = postSolution
		SolutionGuid = {CBB2C967-A9D5-4682-9E8C-952C96FAF044}
	EndGlobalSection
EndGlobal
